// !$*UTF8*$!
{
	archiveVersion = 1;
	classes = {
	};
	objectVersion = 56;
	objects = {

/* Begin PBXBuildFile section */
		E99E438C2BB2814600CBC45E /* PokemonDetailsViewModel.swift in Sources */ = {isa = PBXBuildFile; fileRef = E99E438B2BB2814600CBC45E /* PokemonDetailsViewModel.swift */; };
		E99E438E2BB2815500CBC45E /* PokemonDetailsView.swift in Sources */ = {isa = PBXBuildFile; fileRef = E99E438D2BB2815500CBC45E /* PokemonDetailsView.swift */; };
		E99E43902BB2874300CBC45E /* BookmarkManager.swift in Sources */ = {isa = PBXBuildFile; fileRef = E99E438F2BB2874300CBC45E /* BookmarkManager.swift */; };
		E99E43922BB2876600CBC45E /* BookmarkedPokemonListView.swift in Sources */ = {isa = PBXBuildFile; fileRef = E99E43912BB2876600CBC45E /* BookmarkedPokemonListView.swift */; };
		E99E43942BB28CCB00CBC45E /* TabItems.swift in Sources */ = {isa = PBXBuildFile; fileRef = E99E43932BB28CCB00CBC45E /* TabItems.swift */; };
		E9E744352BB1C72C00332812 /* pokedex_mvvm_swiftuiApp.swift in Sources */ = {isa = PBXBuildFile; fileRef = E9E744342BB1C72C00332812 /* pokedex_mvvm_swiftuiApp.swift */; };
		E9E744372BB1C72C00332812 /* ContentView.swift in Sources */ = {isa = PBXBuildFile; fileRef = E9E744362BB1C72C00332812 /* ContentView.swift */; };
		E9E744392BB1C73100332812 /* Assets.xcassets in Resources */ = {isa = PBXBuildFile; fileRef = E9E744382BB1C73100332812 /* Assets.xcassets */; };
		E9E7443C2BB1C73100332812 /* Preview Assets.xcassets in Resources */ = {isa = PBXBuildFile; fileRef = E9E7443B2BB1C73100332812 /* Preview Assets.xcassets */; };
		E9E744492BB1C77700332812 /* Pokemon.swift in Sources */ = {isa = PBXBuildFile; fileRef = E9E744482BB1C77700332812 /* Pokemon.swift */; };
		E9E7444B2BB1C7B600332812 /* PokemonListViewModel.swift in Sources */ = {isa = PBXBuildFile; fileRef = E9E7444A2BB1C7B600332812 /* PokemonListViewModel.swift */; };
		E9E7444D2BB1C7D100332812 /* PokemonListView.swift in Sources */ = {isa = PBXBuildFile; fileRef = E9E7444C2BB1C7D100332812 /* PokemonListView.swift */; };
		E9E7444F2BB1C7E600332812 /* APIService.swift in Sources */ = {isa = PBXBuildFile; fileRef = E9E7444E2BB1C7E600332812 /* APIService.swift */; };
		E9E744532BB1C8CB00332812 /* PokemonListResults.swift in Sources */ = {isa = PBXBuildFile; fileRef = E9E744522BB1C8CB00332812 /* PokemonListResults.swift */; };
/* End PBXBuildFile section */

/* Begin PBXFileReference section */
		E99E438B2BB2814600CBC45E /* PokemonDetailsViewModel.swift */ = {isa = PBXFileReference; lastKnownFileType = sourcecode.swift; path = PokemonDetailsViewModel.swift; sourceTree = "<group>"; };
		E99E438D2BB2815500CBC45E /* PokemonDetailsView.swift */ = {isa = PBXFileReference; lastKnownFileType = sourcecode.swift; path = PokemonDetailsView.swift; sourceTree = "<group>"; };
		E99E438F2BB2874300CBC45E /* BookmarkManager.swift */ = {isa = PBXFileReference; lastKnownFileType = sourcecode.swift; path = BookmarkManager.swift; sourceTree = "<group>"; };
		E99E43912BB2876600CBC45E /* BookmarkedPokemonListView.swift */ = {isa = PBXFileReference; lastKnownFileType = sourcecode.swift; path = BookmarkedPokemonListView.swift; sourceTree = "<group>"; };
		E99E43932BB28CCB00CBC45E /* TabItems.swift */ = {isa = PBXFileReference; lastKnownFileType = sourcecode.swift; path = TabItems.swift; sourceTree = "<group>"; };
		E9E744312BB1C72C00332812 /* pokedex-mvvm-swiftui.app */ = {isa = PBXFileReference; explicitFileType = wrapper.application; includeInIndex = 0; path = "pokedex-mvvm-swiftui.app"; sourceTree = BUILT_PRODUCTS_DIR; };
		E9E744342BB1C72C00332812 /* pokedex_mvvm_swiftuiApp.swift */ = {isa = PBXFileReference; lastKnownFileType = sourcecode.swift; path = pokedex_mvvm_swiftuiApp.swift; sourceTree = "<group>"; };
		E9E744362BB1C72C00332812 /* ContentView.swift */ = {isa = PBXFileReference; lastKnownFileType = sourcecode.swift; path = ContentView.swift; sourceTree = "<group>"; };
		E9E744382BB1C73100332812 /* Assets.xcassets */ = {isa = PBXFileReference; lastKnownFileType = folder.assetcatalog; path = Assets.xcassets; sourceTree = "<group>"; };
		E9E7443B2BB1C73100332812 /* Preview Assets.xcassets */ = {isa = PBXFileReference; lastKnownFileType = folder.assetcatalog; path = "Preview Assets.xcassets"; sourceTree = "<group>"; };
		E9E744482BB1C77700332812 /* Pokemon.swift */ = {isa = PBXFileReference; lastKnownFileType = sourcecode.swift; path = Pokemon.swift; sourceTree = "<group>"; };
		E9E7444A2BB1C7B600332812 /* PokemonListViewModel.swift */ = {isa = PBXFileReference; lastKnownFileType = sourcecode.swift; path = PokemonListViewModel.swift; sourceTree = "<group>"; };
		E9E7444C2BB1C7D100332812 /* PokemonListView.swift */ = {isa = PBXFileReference; lastKnownFileType = sourcecode.swift; path = PokemonListView.swift; sourceTree = "<group>"; };
		E9E7444E2BB1C7E600332812 /* APIService.swift */ = {isa = PBXFileReference; lastKnownFileType = sourcecode.swift; path = APIService.swift; sourceTree = "<group>"; };
		E9E744522BB1C8CB00332812 /* PokemonListResults.swift */ = {isa = PBXFileReference; lastKnownFileType = sourcecode.swift; path = PokemonListResults.swift; sourceTree = "<group>"; };
/* End PBXFileReference section */

/* Begin PBXFrameworksBuildPhase section */
		E9E7442E2BB1C72C00332812 /* Frameworks */ = {
			isa = PBXFrameworksBuildPhase;
			buildActionMask = 2147483647;
			files = (
			);
			runOnlyForDeploymentPostprocessing = 0;
		};
/* End PBXFrameworksBuildPhase section */

/* Begin PBXGroup section */
		E9E744282BB1C72B00332812 = {
			isa = PBXGroup;
			children = (
				E9E744332BB1C72C00332812 /* pokedex-mvvm-swiftui */,
				E9E744322BB1C72C00332812 /* Products */,
			);
			sourceTree = "<group>";
		};
		E9E744322BB1C72C00332812 /* Products */ = {
			isa = PBXGroup;
			children = (
				E9E744312BB1C72C00332812 /* pokedex-mvvm-swiftui.app */,
			);
			name = Products;
			sourceTree = "<group>";
		};
		E9E744332BB1C72C00332812 /* pokedex-mvvm-swiftui */ = {
			isa = PBXGroup;
			children = (
				E9E744462BB1C75F00332812 /* Utilities */,
				E9E744452BB1C75900332812 /* Services */,
				E9E744442BB1C75100332812 /* Views */,
				E9E744432BB1C74B00332812 /* Models */,
				E9E744422BB1C73B00332812 /* ViewModels */,
				E9E744342BB1C72C00332812 /* pokedex_mvvm_swiftuiApp.swift */,
				E9E744382BB1C73100332812 /* Assets.xcassets */,
				E9E7443A2BB1C73100332812 /* Preview Content */,
			);
			path = "pokedex-mvvm-swiftui";
			sourceTree = "<group>";
		};
		E9E7443A2BB1C73100332812 /* Preview Content */ = {
			isa = PBXGroup;
			children = (
				E9E7443B2BB1C73100332812 /* Preview Assets.xcassets */,
			);
			path = "Preview Content";
			sourceTree = "<group>";
		};
		E9E744422BB1C73B00332812 /* ViewModels */ = {
			isa = PBXGroup;
			children = (
				E9E7444A2BB1C7B600332812 /* PokemonListViewModel.swift */,
			);
			path = ViewModels;
			sourceTree = "<group>";
		};
		E9E744432BB1C74B00332812 /* Models */ = {
			isa = PBXGroup;
			children = (
				E9E744482BB1C77700332812 /* Pokemon.swift */,
				E9E744522BB1C8CB00332812 /* PokemonListResults.swift */,
				E99E438B2BB2814600CBC45E /* PokemonDetailsViewModel.swift */,
			);
			path = Models;
			sourceTree = "<group>";
		};
		E9E744442BB1C75100332812 /* Views */ = {
			isa = PBXGroup;
			children = (
				E9E744362BB1C72C00332812 /* ContentView.swift */,
				E9E7444C2BB1C7D100332812 /* PokemonListView.swift */,
				E99E438D2BB2815500CBC45E /* PokemonDetailsView.swift */,
				E99E43912BB2876600CBC45E /* BookmarkedPokemonListView.swift */,
				E99E43932BB28CCB00CBC45E /* TabItems.swift */,
			);
			path = Views;
			sourceTree = "<group>";
		};
		E9E744452BB1C75900332812 /* Services */ = {
			isa = PBXGroup;
			children = (
				E9E7444E2BB1C7E600332812 /* APIService.swift */,
			);
			path = Services;
			sourceTree = "<group>";
		};
		E9E744462BB1C75F00332812 /* Utilities */ = {
			isa = PBXGroup;
			children = (
				E99E438F2BB2874300CBC45E /* BookmarkManager.swift */,
			);
			path = Utilities;
			sourceTree = "<group>";
		};
/* End PBXGroup section */

/* Begin PBXNativeTarget section */
		E9E744302BB1C72C00332812 /* pokedex-mvvm-swiftui */ = {
			isa = PBXNativeTarget;
			buildConfigurationList = E9E7443F2BB1C73100332812 /* Build configuration list for PBXNativeTarget "pokedex-mvvm-swiftui" */;
			buildPhases = (
				E9E7442D2BB1C72C00332812 /* Sources */,
				E9E7442E2BB1C72C00332812 /* Frameworks */,
				E9E7442F2BB1C72C00332812 /* Resources */,
			);
			buildRules = (
			);
			dependencies = (
			);
			name = "pokedex-mvvm-swiftui";
			productName = "pokedex-mvvm-swiftui";
			productReference = E9E744312BB1C72C00332812 /* pokedex-mvvm-swiftui.app */;
			productType = "com.apple.product-type.application";
		};
/* End PBXNativeTarget section */

/* Begin PBXProject section */
		E9E744292BB1C72B00332812 /* Project object */ = {
			isa = PBXProject;
			attributes = {
				BuildIndependentTargetsInParallel = 1;
				LastSwiftUpdateCheck = 1530;
				LastUpgradeCheck = 1530;
				TargetAttributes = {
					E9E744302BB1C72C00332812 = {
						CreatedOnToolsVersion = 15.3;
					};
				};
			};
			buildConfigurationList = E9E7442C2BB1C72B00332812 /* Build configuration list for PBXProject "pokedex-mvvm-swiftui" */;
			compatibilityVersion = "Xcode 14.0";
			developmentRegion = en;
			hasScannedForEncodings = 0;
			knownRegions = (
				en,
				Base,
			);
			mainGroup = E9E744282BB1C72B00332812;
			productRefGroup = E9E744322BB1C72C00332812 /* Products */;
			projectDirPath = "";
			projectRoot = "";
			targets = (
				E9E744302BB1C72C00332812 /* pokedex-mvvm-swiftui */,
			);
		};
/* End PBXProject section */

/* Begin PBXResourcesBuildPhase section */
		E9E7442F2BB1C72C00332812 /* Resources */ = {
			isa = PBXResourcesBuildPhase;
			buildActionMask = 2147483647;
			files = (
				E9E7443C2BB1C73100332812 /* Preview Assets.xcassets in Resources */,
				E9E744392BB1C73100332812 /* Assets.xcassets in Resources */,
			);
			runOnlyForDeploymentPostprocessing = 0;
		};
/* End PBXResourcesBuildPhase section */

/* Begin PBXSourcesBuildPhase section */
		E9E7442D2BB1C72C00332812 /* Sources */ = {
			isa = PBXSourcesBuildPhase;
			buildActionMask = 2147483647;
			files = (
				E9E7444D2BB1C7D100332812 /* PokemonListView.swift in Sources */,
				E9E744372BB1C72C00332812 /* ContentView.swift in Sources */,
				E9E744532BB1C8CB00332812 /* PokemonListResults.swift in Sources */,
				E99E438C2BB2814600CBC45E /* PokemonDetailsViewModel.swift in Sources */,
				E9E744352BB1C72C00332812 /* pokedex_mvvm_swiftuiApp.swift in Sources */,
				E9E7444B2BB1C7B600332812 /* PokemonListViewModel.swift in Sources */,
				E99E43922BB2876600CBC45E /* BookmarkedPokemonListView.swift in Sources */,
				E9E7444F2BB1C7E600332812 /* APIService.swift in Sources */,
				E99E43902BB2874300CBC45E /* BookmarkManager.swift in Sources */,
				E99E438E2BB2815500CBC45E /* PokemonDetailsView.swift in Sources */,
				E99E43942BB28CCB00CBC45E /* TabItems.swift in Sources */,
				E9E744492BB1C77700332812 /* Pokemon.swift in Sources */,
			);
			runOnlyForDeploymentPostprocessing = 0;
		};
/* End PBXSourcesBuildPhase section */

/* Begin XCBuildConfiguration section */
		E9E7443D2BB1C73100332812 /* Debug */ = {
			isa = XCBuildConfiguration;
			buildSettings = {
				ALWAYS_SEARCH_USER_PATHS = NO;
				ASSETCATALOG_COMPILER_GENERATE_SWIFT_ASSET_SYMBOL_EXTENSIONS = YES;
				CLANG_ANALYZER_NONNULL = YES;
				CLANG_ANALYZER_NUMBER_OBJECT_CONVERSION = YES_AGGRESSIVE;
				CLANG_CXX_LANGUAGE_STANDARD = "gnu++20";
				CLANG_ENABLE_MODULES = YES;
				CLANG_ENABLE_OBJC_ARC = YES;
				CLANG_ENABLE_OBJC_WEAK = YES;
				CLANG_WARN_BLOCK_CAPTURE_AUTORELEASING = YES;
				CLANG_WARN_BOOL_CONVERSION = YES;
				CLANG_WARN_COMMA = YES;
				CLANG_WARN_CONSTANT_CONVERSION = YES;
				CLANG_WARN_DEPRECATED_OBJC_IMPLEMENTATIONS = YES;
				CLANG_WARN_DIRECT_OBJC_ISA_USAGE = YES_ERROR;
				CLANG_WARN_DOCUMENTATION_COMMENTS = YES;
				CLANG_WARN_EMPTY_BODY = YES;
				CLANG_WARN_ENUM_CONVERSION = YES;
				CLANG_WARN_INFINITE_RECURSION = YES;
				CLANG_WARN_INT_CONVERSION = YES;
				CLANG_WARN_NON_LITERAL_NULL_CONVERSION = YES;
				CLANG_WARN_OBJC_IMPLICIT_RETAIN_SELF = YES;
				CLANG_WARN_OBJC_LITERAL_CONVERSION = YES;
				CLANG_WARN_OBJC_ROOT_CLASS = YES_ERROR;
				CLANG_WARN_QUOTED_INCLUDE_IN_FRAMEWORK_HEADER = YES;
				CLANG_WARN_RANGE_LOOP_ANALYSIS = YES;
				CLANG_WARN_STRICT_PROTOTYPES = YES;
				CLANG_WARN_SUSPICIOUS_MOVE = YES;
				CLANG_WARN_UNGUARDED_AVAILABILITY = YES_AGGRESSIVE;
				CLANG_WARN_UNREACHABLE_CODE = YES;
				CLANG_WARN__DUPLICATE_METHOD_MATCH = YES;
				COPY_PHASE_STRIP = NO;
				DEBUG_INFORMATION_FORMAT = dwarf;
				ENABLE_STRICT_OBJC_MSGSEND = YES;
				ENABLE_TESTABILITY = YES;
				ENABLE_USER_SCRIPT_SANDBOXING = YES;
				GCC_C_LANGUAGE_STANDARD = gnu17;
				GCC_DYNAMIC_NO_PIC = NO;
				GCC_NO_COMMON_BLOCKS = YES;
				GCC_OPTIMIZATION_LEVEL = 0;
				GCC_PREPROCESSOR_DEFINITIONS = (
					"DEBUG=1",
					"$(inherited)",
				);
				GCC_WARN_64_TO_32_BIT_CONVERSION = YES;
				GCC_WARN_ABOUT_RETURN_TYPE = YES_ERROR;
				GCC_WARN_UNDECLARED_SELECTOR = YES;
				GCC_WARN_UNINITIALIZED_AUTOS = YES_AGGRESSIVE;
				GCC_WARN_UNUSED_FUNCTION = YES;
				GCC_WARN_UNUSED_VARIABLE = YES;
				IPHONEOS_DEPLOYMENT_TARGET = 17.4;
				LOCALIZATION_PREFERS_STRING_CATALOGS = YES;
				MTL_ENABLE_DEBUG_INFO = INCLUDE_SOURCE;
				MTL_FAST_MATH = YES;
				ONLY_ACTIVE_ARCH = YES;
				SDKROOT = iphoneos;
				SWIFT_ACTIVE_COMPILATION_CONDITIONS = "DEBUG $(inherited)";
				SWIFT_OPTIMIZATION_LEVEL = "-Onone";
			};
			name = Debug;
		};
		E9E7443E2BB1C73100332812 /* Release */ = {
			isa = XCBuildConfiguration;
			buildSettings = {
				ALWAYS_SEARCH_USER_PATHS = NO;
				ASSETCATALOG_COMPILER_GENERATE_SWIFT_ASSET_SYMBOL_EXTENSIONS = YES;
				CLANG_ANALYZER_NONNULL = YES;
				CLANG_ANALYZER_NUMBER_OBJECT_CONVERSION = YES_AGGRESSIVE;
				CLANG_CXX_LANGUAGE_STANDARD = "gnu++20";
				CLANG_ENABLE_MODULES = YES;
				CLANG_ENABLE_OBJC_ARC = YES;
				CLANG_ENABLE_OBJC_WEAK = YES;
				CLANG_WARN_BLOCK_CAPTURE_AUTORELEASING = YES;
				CLANG_WARN_BOOL_CONVERSION = YES;
				CLANG_WARN_COMMA = YES;
				CLANG_WARN_CONSTANT_CONVERSION = YES;
				CLANG_WARN_DEPRECATED_OBJC_IMPLEMENTATIONS = YES;
				CLANG_WARN_DIRECT_OBJC_ISA_USAGE = YES_ERROR;
				CLANG_WARN_DOCUMENTATION_COMMENTS = YES;
				CLANG_WARN_EMPTY_BODY = YES;
				CLANG_WARN_ENUM_CONVERSION = YES;
				CLANG_WARN_INFINITE_RECURSION = YES;
				CLANG_WARN_INT_CONVERSION = YES;
				CLANG_WARN_NON_LITERAL_NULL_CONVERSION = YES;
				CLANG_WARN_OBJC_IMPLICIT_RETAIN_SELF = YES;
				CLANG_WARN_OBJC_LITERAL_CONVERSION = YES;
				CLANG_WARN_OBJC_ROOT_CLASS = YES_ERROR;
				CLANG_WARN_QUOTED_INCLUDE_IN_FRAMEWORK_HEADER = YES;
				CLANG_WARN_RANGE_LOOP_ANALYSIS = YES;
				CLANG_WARN_STRICT_PROTOTYPES = YES;
				CLANG_WARN_SUSPICIOUS_MOVE = YES;
				CLANG_WARN_UNGUARDED_AVAILABILITY = YES_AGGRESSIVE;
				CLANG_WARN_UNREACHABLE_CODE = YES;
				CLANG_WARN__DUPLICATE_METHOD_MATCH = YES;
				COPY_PHASE_STRIP = NO;
				DEBUG_INFORMATION_FORMAT = "dwarf-with-dsym";
				ENABLE_NS_ASSERTIONS = NO;
				ENABLE_STRICT_OBJC_MSGSEND = YES;
				ENABLE_USER_SCRIPT_SANDBOXING = YES;
				GCC_C_LANGUAGE_STANDARD = gnu17;
				GCC_NO_COMMON_BLOCKS = YES;
				GCC_WARN_64_TO_32_BIT_CONVERSION = YES;
				GCC_WARN_ABOUT_RETURN_TYPE = YES_ERROR;
				GCC_WARN_UNDECLARED_SELECTOR = YES;
				GCC_WARN_UNINITIALIZED_AUTOS = YES_AGGRESSIVE;
				GCC_WARN_UNUSED_FUNCTION = YES;
				GCC_WARN_UNUSED_VARIABLE = YES;
				IPHONEOS_DEPLOYMENT_TARGET = 17.4;
				LOCALIZATION_PREFERS_STRING_CATALOGS = YES;
				MTL_ENABLE_DEBUG_INFO = NO;
				MTL_FAST_MATH = YES;
				SDKROOT = iphoneos;
				SWIFT_COMPILATION_MODE = wholemodule;
				VALIDATE_PRODUCT = YES;
			};
			name = Release;
		};
		E9E744402BB1C73100332812 /* Debug */ = {
			isa = XCBuildConfiguration;
			buildSettings = {
				ASSETCATALOG_COMPILER_APPICON_NAME = AppIcon;
				ASSETCATALOG_COMPILER_GLOBAL_ACCENT_COLOR_NAME = AccentColor;
				CODE_SIGN_STYLE = Automatic;
				CURRENT_PROJECT_VERSION = 1;
				DEVELOPMENT_ASSET_PATHS = "\"pokedex-mvvm-swiftui/Preview Content\"";
				ENABLE_PREVIEWS = YES;
				GENERATE_INFOPLIST_FILE = YES;
				INFOPLIST_KEY_UIApplicationSceneManifest_Generation = YES;
				INFOPLIST_KEY_UIApplicationSupportsIndirectInputEvents = YES;
				INFOPLIST_KEY_UILaunchScreen_Generation = YES;
				INFOPLIST_KEY_UISupportedInterfaceOrientations_iPad = "UIInterfaceOrientationPortrait UIInterfaceOrientationPortraitUpsideDown UIInterfaceOrientationLandscapeLeft UIInterfaceOrientationLandscapeRight";
				INFOPLIST_KEY_UISupportedInterfaceOrientations_iPhone = "UIInterfaceOrientationPortrait UIInterfaceOrientationLandscapeLeft UIInterfaceOrientationLandscapeRight";
				LD_RUNPATH_SEARCH_PATHS = (
					"$(inherited)",
					"@executable_path/Frameworks",
				);
				MARKETING_VERSION = 1.0;
				PRODUCT_BUNDLE_IDENTIFIER = "mvvm-pokedex.pokedex-mvvm-swiftui";
				PRODUCT_NAME = "$(TARGET_NAME)";
				SWIFT_EMIT_LOC_STRINGS = YES;
				SWIFT_VERSION = 5.0;
				TARGETED_DEVICE_FAMILY = "1,2";
			};
			name = Debug;
		};
		E9E744412BB1C73100332812 /* Release */ = {
			isa = XCBuildConfiguration;
			buildSettings = {
				ASSETCATALOG_COMPILER_APPICON_NAME = AppIcon;
				ASSETCATALOG_COMPILER_GLOBAL_ACCENT_COLOR_NAME = AccentColor;
				CODE_SIGN_STYLE = Automatic;
				CURRENT_PROJECT_VERSION = 1;
				DEVELOPMENT_ASSET_PATHS = "\"pokedex-mvvm-swiftui/Preview Content\"";
				ENABLE_PREVIEWS = YES;
				GENERATE_INFOPLIST_FILE = YES;
				INFOPLIST_KEY_UIApplicationSceneManifest_Generation = YES;
				INFOPLIST_KEY_UIApplicationSupportsIndirectInputEvents = YES;
				INFOPLIST_KEY_UILaunchScreen_Generation = YES;
				INFOPLIST_KEY_UISupportedInterfaceOrientations_iPad = "UIInterfaceOrientationPortrait UIInterfaceOrientationPortraitUpsideDown UIInterfaceOrientationLandscapeLeft UIInterfaceOrientationLandscapeRight";
				INFOPLIST_KEY_UISupportedInterfaceOrientations_iPhone = "UIInterfaceOrientationPortrait UIInterfaceOrientationLandscapeLeft UIInterfaceOrientationLandscapeRight";
				LD_RUNPATH_SEARCH_PATHS = (
					"$(inherited)",
					"@executable_path/Frameworks",
				);
				MARKETING_VERSION = 1.0;
				PRODUCT_BUNDLE_IDENTIFIER = "mvvm-pokedex.pokedex-mvvm-swiftui";
				PRODUCT_NAME = "$(TARGET_NAME)";
				SWIFT_EMIT_LOC_STRINGS = YES;
				SWIFT_VERSION = 5.0;
				TARGETED_DEVICE_FAMILY = "1,2";
			};
			name = Release;
		};
/* End XCBuildConfiguration section */

/* Begin XCConfigurationList section */
		E9E7442C2BB1C72B00332812 /* Build configuration list for PBXProject "pokedex-mvvm-swiftui" */ = {
			isa = XCConfigurationList;
			buildConfigurations = (
				E9E7443D2BB1C73100332812 /* Debug */,
				E9E7443E2BB1C73100332812 /* Release */,
			);
			defaultConfigurationIsVisible = 0;
			defaultConfigurationName = Release;
		};
		E9E7443F2BB1C73100332812 /* Build configuration list for PBXNativeTarget "pokedex-mvvm-swiftui" */ = {
			isa = XCConfigurationList;
			buildConfigurations = (
				E9E744402BB1C73100332812 /* Debug */,
				E9E744412BB1C73100332812 /* Release */,
			);
			defaultConfigurationIsVisible = 0;
			defaultConfigurationName = Release;
		};
/* End XCConfigurationList section */
	};
	rootObject = E9E744292BB1C72B00332812 /* Project object */;
}
